Microsoft Visual Studio Solution File, Format Version 12.00
# Visual Studio 15
VisualStudioVersion = 15.0.28307.757
MinimumVisualStudioVersion = 10.0.40219.1
Project("{FAE04EC0-301F-11D3-BF4B-00C04F79EFBC}") = "Cortside.Core", "Core\Cortside.Core.csproj", "{80B94045-4DE6-4BB0-BE22-C5CC0E772695}"
EndProject
Project("{FAE04EC0-301F-11D3-BF4B-00C04F79EFBC}") = "Cortside.Core.Types", "ValueTypes\Cortside.Core.Types.csproj", "{FB2D9DAA-2340-468C-8018-138748DA2EAE}"
EndProject
Project("{FAE04EC0-301F-11D3-BF4B-00C04F79EFBC}") = "Cortside.Core.PropertyPopulator", "PropertyPopulator\Cortside.Core.PropertyPopulator.csproj", "{A82A4D4A-007B-4870-9C24-DE21C287B43D}"
EndProject
Project("{FAE04EC0-301F-11D3-BF4B-00C04F79EFBC}") = "Cortside.Core.Reporting", "Reporting\Cortside.Core.Reporting.csproj", "{53A91AEF-E24F-41E9-AF8D-743F291BEEE1}"
EndProject
Project("{2150E333-8FDC-42A3-9474-1A3956D46DE8}") = "Solution Items", "Solution Items", "{124F0622-D0DD-47C0-A790-775E8BA3DA76}"
EndProject
Project("{FAE04EC0-301F-11D3-BF4B-00C04F79EFBC}") = "Cortside.Core.Test", "Test\Cortside.Core.Test.csproj", "{A67DCBD3-90C1-49EF-BBD4-AEE42E3670B3}"
EndProject
Global
	GlobalSection(SolutionConfigurationPlatforms) = preSolution
		Debug|Any CPU = Debug|Any CPU
		Debug|x86 = Debug|x86
		NET_4_0|Any CPU = NET_4_0|Any CPU
		NET_4_0|x86 = NET_4_0|x86
		Release|Any CPU = Release|Any CPU
		Release|x86 = Release|x86
	EndGlobalSection
	GlobalSection(ProjectConfigurationPlatforms) = postSolution
		{80B94045-4DE6-4BB0-BE22-C5CC0E772695}.Debug|Any CPU.ActiveCfg = Debug|Any CPU
		{80B94045-4DE6-4BB0-BE22-C5CC0E772695}.Debug|Any CPU.Build.0 = Debug|Any CPU
		{80B94045-4DE6-4BB0-BE22-C5CC0E772695}.Debug|x86.ActiveCfg = Debug|Any CPU
		{80B94045-4DE6-4BB0-BE22-C5CC0E772695}.Debug|x86.Build.0 = Debug|Any CPU
		{80B94045-4DE6-4BB0-BE22-C5CC0E772695}.NET_4_0|Any CPU.ActiveCfg = NET_4_0|Any CPU
		{80B94045-4DE6-4BB0-BE22-C5CC0E772695}.NET_4_0|Any CPU.Build.0 = NET_4_0|Any CPU
		{80B94045-4DE6-4BB0-BE22-C5CC0E772695}.NET_4_0|x86.ActiveCfg = NET_4_0|Any CPU
		{80B94045-4DE6-4BB0-BE22-C5CC0E772695}.NET_4_0|x86.Build.0 = NET_4_0|Any CPU
		{80B94045-4DE6-4BB0-BE22-C5CC0E772695}.Release|Any CPU.ActiveCfg = Release|Any CPU
		{80B94045-4DE6-4BB0-BE22-C5CC0E772695}.Release|Any CPU.Build.0 = Release|Any CPU
		{80B94045-4DE6-4BB0-BE22-C5CC0E772695}.Release|x86.ActiveCfg = Release|Any CPU
		{80B94045-4DE6-4BB0-BE22-C5CC0E772695}.Release|x86.Build.0 = Release|Any CPU
		{FB2D9DAA-2340-468C-8018-138748DA2EAE}.Debug|Any CPU.ActiveCfg = Debug|Any CPU
		{FB2D9DAA-2340-468C-8018-138748DA2EAE}.Debug|Any CPU.Build.0 = Debug|Any CPU
		{FB2D9DAA-2340-468C-8018-138748DA2EAE}.Debug|x86.ActiveCfg = Debug|Any CPU
		{FB2D9DAA-2340-468C-8018-138748DA2EAE}.Debug|x86.Build.0 = Debug|Any CPU
		{FB2D9DAA-2340-468C-8018-138748DA2EAE}.NET_4_0|Any CPU.ActiveCfg = NET_4_0|Any CPU
		{FB2D9DAA-2340-468C-8018-138748DA2EAE}.NET_4_0|Any CPU.Build.0 = NET_4_0|Any CPU
		{FB2D9DAA-2340-468C-8018-138748DA2EAE}.NET_4_0|x86.ActiveCfg = NET_4_0|Any CPU
		{FB2D9DAA-2340-468C-8018-138748DA2EAE}.NET_4_0|x86.Build.0 = NET_4_0|Any CPU
		{FB2D9DAA-2340-468C-8018-138748DA2EAE}.Release|Any CPU.ActiveCfg = Release|Any CPU
		{FB2D9DAA-2340-468C-8018-138748DA2EAE}.Release|Any CPU.Build.0 = Release|Any CPU
		{FB2D9DAA-2340-468C-8018-138748DA2EAE}.Release|x86.ActiveCfg = Release|Any CPU
		{FB2D9DAA-2340-468C-8018-138748DA2EAE}.Release|x86.Build.0 = Release|Any CPU
		{A82A4D4A-007B-4870-9C24-DE21C287B43D}.Debug|Any CPU.ActiveCfg = Debug|Any CPU
		{A82A4D4A-007B-4870-9C24-DE21C287B43D}.Debug|Any CPU.Build.0 = Debug|Any CPU
		{A82A4D4A-007B-4870-9C24-DE21C287B43D}.Debug|x86.ActiveCfg = Debug|Any CPU
		{A82A4D4A-007B-4870-9C24-DE21C287B43D}.Debug|x86.Build.0 = Debug|Any CPU
		{A82A4D4A-007B-4870-9C24-DE21C287B43D}.NET_4_0|Any CPU.ActiveCfg = NET_4_0|Any CPU
		{A82A4D4A-007B-4870-9C24-DE21C287B43D}.NET_4_0|Any CPU.Build.0 = NET_4_0|Any CPU
		{A82A4D4A-007B-4870-9C24-DE21C287B43D}.NET_4_0|x86.ActiveCfg = NET_4_0|Any CPU
		{A82A4D4A-007B-4870-9C24-DE21C287B43D}.NET_4_0|x86.Build.0 = NET_4_0|Any CPU
		{A82A4D4A-007B-4870-9C24-DE21C287B43D}.Release|Any CPU.ActiveCfg = Release|Any CPU
		{A82A4D4A-007B-4870-9C24-DE21C287B43D}.Release|Any CPU.Build.0 = Release|Any CPU
		{A82A4D4A-007B-4870-9C24-DE21C287B43D}.Release|x86.ActiveCfg = Release|Any CPU
		{A82A4D4A-007B-4870-9C24-DE21C287B43D}.Release|x86.Build.0 = Release|Any CPU
		{53A91AEF-E24F-41E9-AF8D-743F291BEEE1}.Debug|Any CPU.ActiveCfg = Debug|Any CPU
		{53A91AEF-E24F-41E9-AF8D-743F291BEEE1}.Debug|Any CPU.Build.0 = Debug|Any CPU
		{53A91AEF-E24F-41E9-AF8D-743F291BEEE1}.Debug|x86.ActiveCfg = Debug|Any CPU
		{53A91AEF-E24F-41E9-AF8D-743F291BEEE1}.Debug|x86.Build.0 = Debug|Any CPU
		{53A91AEF-E24F-41E9-AF8D-743F291BEEE1}.NET_4_0|Any CPU.ActiveCfg = NET_4_0|Any CPU
		{53A91AEF-E24F-41E9-AF8D-743F291BEEE1}.NET_4_0|Any CPU.Build.0 = NET_4_0|Any CPU
		{53A91AEF-E24F-41E9-AF8D-743F291BEEE1}.NET_4_0|x86.ActiveCfg = NET_4_0|Any CPU
		{53A91AEF-E24F-41E9-AF8D-743F291BEEE1}.NET_4_0|x86.Build.0 = NET_4_0|Any CPU
		{53A91AEF-E24F-41E9-AF8D-743F291BEEE1}.Release|Any CPU.ActiveCfg = Release|Any CPU
		{53A91AEF-E24F-41E9-AF8D-743F291BEEE1}.Release|Any CPU.Build.0 = Release|Any CPU
		{53A91AEF-E24F-41E9-AF8D-743F291BEEE1}.Release|x86.ActiveCfg = Release|Any CPU
		{53A91AEF-E24F-41E9-AF8D-743F291BEEE1}.Release|x86.Build.0 = Release|Any CPU
		{A67DCBD3-90C1-49EF-BBD4-AEE42E3670B3}.Debug|Any CPU.ActiveCfg = Debug|Any CPU
		{A67DCBD3-90C1-49EF-BBD4-AEE42E3670B3}.Debug|Any CPU.Build.0 = Debug|Any CPU
		{A67DCBD3-90C1-49EF-BBD4-AEE42E3670B3}.Debug|x86.ActiveCfg = Debug|x86
		{A67DCBD3-90C1-49EF-BBD4-AEE42E3670B3}.Debug|x86.Build.0 = Debug|x86
		{A67DCBD3-90C1-49EF-BBD4-AEE42E3670B3}.NET_4_0|Any CPU.ActiveCfg = NET_4_0|Any CPU
		{A67DCBD3-90C1-49EF-BBD4-AEE42E3670B3}.NET_4_0|Any CPU.Build.0 = NET_4_0|Any CPU
		{A67DCBD3-90C1-49EF-BBD4-AEE42E3670B3}.NET_4_0|x86.ActiveCfg = NET_4_0|x86
		{A67DCBD3-90C1-49EF-BBD4-AEE42E3670B3}.NET_4_0|x86.Build.0 = NET_4_0|x86
		{A67DCBD3-90C1-49EF-BBD4-AEE42E3670B3}.Release|Any CPU.ActiveCfg = Release|Any CPU
		{A67DCBD3-90C1-49EF-BBD4-AEE42E3670B3}.Release|Any CPU.Build.0 = Release|Any CPU
		{A67DCBD3-90C1-49EF-BBD4-AEE42E3670B3}.Release|x86.ActiveCfg = Release|x86
		{A67DCBD3-90C1-49EF-BBD4-AEE42E3670B3}.Release|x86.Build.0 = Release|x86
	EndGlobalSection
	GlobalSection(SolutionProperties) = preSolution
		HideSolutionNode = FALSE
	EndGlobalSection
	GlobalSection(ExtensibilityGlobals) = postSolution
		SolutionGuid = {B2B03500-4262-4495-850E-3E34E7C4DE28}
	EndGlobalSection
EndGlobal
